
Microsoft Visual Studio Solution File, Format Version 12.00
# Visual Studio Version 17
VisualStudioVersion = 17.7.34221.43
MinimumVisualStudioVersion = 10.0.40219.1
Project("{FAE04EC0-301F-11D3-BF4B-00C04F79EFBC}") = "Organ Transplant", "Organ Transplant.csproj", "{FBF337EA-1197-47BB-9075-DB7A35013B58}"
EndProject
Global
	GlobalSection(SolutionConfigurationPlatforms) = preSolution
		Debug|Any CPU = Debug|Any CPU
		Release|Any CPU = Release|Any CPU
	EndGlobalSection
	GlobalSection(ProjectConfigurationPlatforms) = postSolution
		{FBF337EA-1197-47BB-9075-DB7A35013B58}.Debug|Any CPU.ActiveCfg = Debug|Any CPU
		{FBF337EA-1197-47BB-9075-DB7A35013B58}.Debug|Any CPU.Build.0 = Debug|Any CPU
		{FBF337EA-1197-47BB-9075-DB7A35013B58}.Release|Any CPU.ActiveCfg = Release|Any CPU
		{FBF337EA-1197-47BB-9075-DB7A35013B58}.Release|Any CPU.Build.0 = Release|Any CPU
	EndGlobalSection
	GlobalSection(SolutionProperties) = preSolution
		HideSolutionNode = FALSE
	EndGlobalSection
	GlobalSection(ExtensibilityGlobals) = postSolution
		SolutionGuid = {8A824AB9-A4B5-47F4-B24E-0FE1E9A62C72}
	EndGlobalSection
EndGlobal
